
Microsoft Visual Studio Solution File, Format Version 12.00
# Visual Studio Version 17
VisualStudioVersion = 17.0.31903.59
MinimumVisualStudioVersion = 10.0.40219.1
Project("{FAE04EC0-301F-11D3-BF4B-00C04F79EFBC}") = "Shared", "Shared\Shared.csproj", "{9BE5F347-CD56-41F2-854D-6F52F830F07D}"
EndProject
Project("{FAE04EC0-301F-11D3-BF4B-00C04F79EFBC}") = "Function1", "Function1\Function1.csproj", "{26F2002D-6259-453F-8AF0-8D6C97C408CA}"
EndProject
Project("{FAE04EC0-301F-11D3-BF4B-00C04F79EFBC}") = "Function2", "Function2\Function2.csproj", "{867DC347-12CE-4C51-9180-11521C185B52}"
EndProject
Project("{FAE04EC0-301F-11D3-BF4B-00C04F79EFBC}") = "Function3", "Function3\Function3.csproj", "{A3899F1A-BBE2-46FD-B152-DAD3660D02FC}"
EndProject
Project("{2150E333-8FDC-42A3-9474-1A3956D46DE8}") = "Application", "Application", "{F3FCF277-CD71-4B4E-8FBB-76490CC1CD8F}"
EndProject
Project("{FAE04EC0-301F-11D3-BF4B-00C04F79EFBC}") = "PublishToSns", "PublishToSns\PublishToSns.csproj", "{83EC6653-737A-4E99-A082-2DB073EB2157}"
EndProject
Project("{2150E333-8FDC-42A3-9474-1A3956D46DE8}") = "Domain", "Domain", "{6EEADFDE-6E4C-4889-87CC-2A52C291E1E9}"
EndProject
Project("{2150E333-8FDC-42A3-9474-1A3956D46DE8}") = "Infrastructure", "Infrastructure", "{84E8728B-C117-49BC-9D6D-43F6E44628C3}"
EndProject
Project("{2150E333-8FDC-42A3-9474-1A3956D46DE8}") = "Functions", "Functions", "{88771544-B85C-40D6-A549-6A31C3D78801}"
EndProject
Project("{FAE04EC0-301F-11D3-BF4B-00C04F79EFBC}") = "Domain.DTO", "Notification.DTO\Domain.DTO.csproj", "{711C9EE3-C2EE-4472-9EC0-82AC5CBD1F7D}"
EndProject
Global
	GlobalSection(SolutionConfigurationPlatforms) = preSolution
		Debug|Any CPU = Debug|Any CPU
		Release|Any CPU = Release|Any CPU
	EndGlobalSection
	GlobalSection(ProjectConfigurationPlatforms) = postSolution
		{9BE5F347-CD56-41F2-854D-6F52F830F07D}.Debug|Any CPU.ActiveCfg = Debug|Any CPU
		{9BE5F347-CD56-41F2-854D-6F52F830F07D}.Debug|Any CPU.Build.0 = Debug|Any CPU
		{9BE5F347-CD56-41F2-854D-6F52F830F07D}.Release|Any CPU.ActiveCfg = Release|Any CPU
		{9BE5F347-CD56-41F2-854D-6F52F830F07D}.Release|Any CPU.Build.0 = Release|Any CPU
		{26F2002D-6259-453F-8AF0-8D6C97C408CA}.Debug|Any CPU.ActiveCfg = Debug|Any CPU
		{26F2002D-6259-453F-8AF0-8D6C97C408CA}.Debug|Any CPU.Build.0 = Debug|Any CPU
		{26F2002D-6259-453F-8AF0-8D6C97C408CA}.Release|Any CPU.ActiveCfg = Release|Any CPU
		{26F2002D-6259-453F-8AF0-8D6C97C408CA}.Release|Any CPU.Build.0 = Release|Any CPU
		{867DC347-12CE-4C51-9180-11521C185B52}.Debug|Any CPU.ActiveCfg = Debug|Any CPU
		{867DC347-12CE-4C51-9180-11521C185B52}.Debug|Any CPU.Build.0 = Debug|Any CPU
		{867DC347-12CE-4C51-9180-11521C185B52}.Release|Any CPU.ActiveCfg = Release|Any CPU
		{867DC347-12CE-4C51-9180-11521C185B52}.Release|Any CPU.Build.0 = Release|Any CPU
		{A3899F1A-BBE2-46FD-B152-DAD3660D02FC}.Debug|Any CPU.ActiveCfg = Debug|Any CPU
		{A3899F1A-BBE2-46FD-B152-DAD3660D02FC}.Debug|Any CPU.Build.0 = Debug|Any CPU
		{A3899F1A-BBE2-46FD-B152-DAD3660D02FC}.Release|Any CPU.ActiveCfg = Release|Any CPU
		{A3899F1A-BBE2-46FD-B152-DAD3660D02FC}.Release|Any CPU.Build.0 = Release|Any CPU
		{83EC6653-737A-4E99-A082-2DB073EB2157}.Debug|Any CPU.ActiveCfg = Debug|Any CPU
		{83EC6653-737A-4E99-A082-2DB073EB2157}.Debug|Any CPU.Build.0 = Debug|Any CPU
		{83EC6653-737A-4E99-A082-2DB073EB2157}.Release|Any CPU.ActiveCfg = Release|Any CPU
		{83EC6653-737A-4E99-A082-2DB073EB2157}.Release|Any CPU.Build.0 = Release|Any CPU
		{711C9EE3-C2EE-4472-9EC0-82AC5CBD1F7D}.Debug|Any CPU.ActiveCfg = Debug|Any CPU
		{711C9EE3-C2EE-4472-9EC0-82AC5CBD1F7D}.Debug|Any CPU.Build.0 = Debug|Any CPU
		{711C9EE3-C2EE-4472-9EC0-82AC5CBD1F7D}.Release|Any CPU.ActiveCfg = Release|Any CPU
		{711C9EE3-C2EE-4472-9EC0-82AC5CBD1F7D}.Release|Any CPU.Build.0 = Release|Any CPU
	EndGlobalSection
	GlobalSection(SolutionProperties) = preSolution
		HideSolutionNode = FALSE
	EndGlobalSection
	GlobalSection(NestedProjects) = preSolution
		{9BE5F347-CD56-41F2-854D-6F52F830F07D} = {84E8728B-C117-49BC-9D6D-43F6E44628C3}
		{26F2002D-6259-453F-8AF0-8D6C97C408CA} = {88771544-B85C-40D6-A549-6A31C3D78801}
		{867DC347-12CE-4C51-9180-11521C185B52} = {88771544-B85C-40D6-A549-6A31C3D78801}
		{A3899F1A-BBE2-46FD-B152-DAD3660D02FC} = {88771544-B85C-40D6-A549-6A31C3D78801}
		{83EC6653-737A-4E99-A082-2DB073EB2157} = {88771544-B85C-40D6-A549-6A31C3D78801}
		{88771544-B85C-40D6-A549-6A31C3D78801} = {F3FCF277-CD71-4B4E-8FBB-76490CC1CD8F}
		{711C9EE3-C2EE-4472-9EC0-82AC5CBD1F7D} = {6EEADFDE-6E4C-4889-87CC-2A52C291E1E9}
	EndGlobalSection
EndGlobal
